<?xml version="1.0" encoding="utf-8"?>
<Project ToolsVersion="4.0" xmlns="http://schemas.microsoft.com/developer/msbuild/2003">
  <ItemGroup>
    <Filter Include="Source Files">
      <UniqueIdentifier>{4FC737F1-C7A5-4376-A066-2A32D752A2FF}</UniqueIdentifier>
      <Extensions>cpp;c;cc;cxx;c++;cppm;ixx;def;odl;idl;hpj;bat;asm;asmx</Extensions>
    </Filter>
    <Filter Include="Header Files">
      <UniqueIdentifier>{93995380-89BD-4b04-88EB-625FBE52EBFB}</UniqueIdentifier>
      <Extensions>h;hh;hpp;hxx;h++;hm;inl;inc;ipp;xsd</Extensions>
    </Filter>
    <Filter Include="Resource Files">
      <UniqueIdentifier>{67DA6AB6-F800-4c08-8B7A-83BB121AAD01}</UniqueIdentifier>
      <Extensions>rc;ico;cur;bmp;dlg;rc2;rct;bin;rgs;gif;jpg;jpeg;jpe;resx;tiff;tif;png;wav;mfcribbon-ms</Extensions>
    </Filter>
  </ItemGroup>
  <ItemGroup>
    <ClCompile Include="Schatten.cpp">
      <Filter>Source Files</Filter>
    </ClCompile>
    <ClCompile Include="ExternalDipendencies\glad\src\glad.c">
      <Filter>Source Files</Filter>
    </ClCompile>
    <ClCompile Include="ExternalDipendencies\sqlite\sqlite3.c">
      <Filter>Source Files</Filter>
    </ClCompile>
    <ClCompile Include="ExternalDipendencies\sqlite\shell.c">
      <Filter>Source Files</Filter>
    </ClCompile>
    <ClCompile Include="Include\utility\Pooling\SegmentAllocator.cpp">
      <Filter>Source Files</Filter>
    </ClCompile>
    <ClCompile Include="ExternalDipendencies\TSpan\FileFinder.cpp">
      <Filter>Source Files</Filter>
    </ClCompile>
    <ClCompile Include="ExternalDipendencies\TSpan\RawFinder.cpp">
      <Filter>Source Files</Filter>
    </ClCompile>
    <ClCompile Include="ExternalDipendencies\TSpan\Pattern.cpp">
      <Filter>Source Files</Filter>
    </ClCompile>
  </ItemGroup>
  <ItemGroup>
    <ClInclude Include="Include\assets\Asset.h">
      <Filter>Header Files</Filter>
    </ClInclude>
    <ClInclude Include="Include\assets\File.h">
      <Filter>Header Files</Filter>
    </ClInclude>
    <ClInclude Include="Include\assets\AssetAction.h">
      <Filter>Header Files</Filter>
    </ClInclude>
    <ClInclude Include="Include\gl\shader\ShaderState.h">
      <Filter>Header Files</Filter>
    </ClInclude>
    <ClInclude Include="Include\math\PointerMath.h">
      <Filter>Header Files</Filter>
    </ClInclude>
    <ClInclude Include="Include\assets\impl\ShaderAsset.h">
      <Filter>Header Files</Filter>
    </ClInclude>
    <ClInclude Include="Include\utility\StackAlloc.h">
      <Filter>Header Files</Filter>
    </ClInclude>
    <ClInclude Include="Include\utility\EnumLinker.h">
      <Filter>Header Files</Filter>
    </ClInclude>
    <ClInclude Include="Include\gl\Texture\Texture.h">
      <Filter>Header Files</Filter>
    </ClInclude>
    <ClInclude Include="Include\gl\Enums\EnumWrapper.h">
      <Filter>Header Files</Filter>
    </ClInclude>
    <ClInclude Include="Include\gl\Texture\TextureEnum.h">
      <Filter>Header Files</Filter>
    </ClInclude>
    <ClInclude Include="Include\utility\openglError.h">
      <Filter>Header Files</Filter>
    </ClInclude>
    <ClInclude Include="Include\utility\Span.h">
      <Filter>Header Files</Filter>
    </ClInclude>
    <ClInclude Include="Include\math\BoundingBox.h">
      <Filter>Header Files</Filter>
    </ClInclude>
    <ClInclude Include="Include\math\CullFrustum.h">
      <Filter>Header Files</Filter>
    </ClInclude>
    <ClInclude Include="Include\utility\vectorExtensions.h">
      <Filter>Header Files</Filter>
    </ClInclude>
    <ClInclude Include="Include\renderer\IRenderSystem.h">
      <Filter>Header Files</Filter>
    </ClInclude>
    <ClInclude Include="Include\renderer\Renderer.h">
      <Filter>Header Files</Filter>
    </ClInclude>
    <ClInclude Include="Include\renderer\GraphNode.h">
      <Filter>Header Files</Filter>
    </ClInclude>
    <ClInclude Include="Include\components\Transform.h">
      <Filter>Header Files</Filter>
    </ClInclude>
    <ClInclude Include="Include\components\MeshRenderer.h">
      <Filter>Header Files</Filter>
    </ClInclude>
    <ClInclude Include="Include\components\IComponent.h">
      <Filter>Header Files</Filter>
    </ClInclude>
    <ClInclude Include="Include\components\MeshFilter.h">
      <Filter>Header Files</Filter>
    </ClInclude>
    <ClInclude Include="Include\components\CameraController.h">
      <Filter>Header Files</Filter>
    </ClInclude>
    <ClInclude Include="Include\components\SystemBase.h">
      <Filter>Header Files</Filter>
    </ClInclude>
    <ClInclude Include="Include\math\Layermask.h">
      <Filter>Header Files</Filter>
    </ClInclude>
    <ClInclude Include="Include\scene\Scene.h">
      <Filter>Header Files</Filter>
    </ClInclude>
    <ClInclude Include="Include\scene\Window.h">
      <Filter>Header Files</Filter>
    </ClInclude>
    <ClInclude Include="Include\scene\Input.h">
      <Filter>Header Files</Filter>
    </ClInclude>
    <ClInclude Include="Include\renderer\Systems\MeshRendererSystem.h">
      <Filter>Header Files</Filter>
    </ClInclude>
    <ClInclude Include="Include\utility\DynamicBitset.h">
      <Filter>Header Files</Filter>
    </ClInclude>
    <ClInclude Include="Include\utility\smart_struct.h">
      <Filter>Header Files</Filter>
    </ClInclude>
    <ClInclude Include="Include\utility\Template.h">
      <Filter>Header Files</Filter>
    </ClInclude>
    <ClInclude Include="Include\gl\glsl\uniformNames.h">
      <Filter>Header Files</Filter>
    </ClInclude>
    <ClInclude Include="Include\utility\ToString.h">
      <Filter>Header Files</Filter>
    </ClInclude>
    <ClInclude Include="Include\utility\linear_map.h">
      <Filter>Header Files</Filter>
    </ClInclude>
    <ClInclude Include="Include\Interface\Init.h">
      <Filter>Header Files</Filter>
    </ClInclude>
    <ClInclude Include="Include\gl\Texture\Sampler.h">
      <Filter>Header Files</Filter>
    </ClInclude>
    <ClInclude Include="Include\math\Number.h">
      <Filter>Header Files</Filter>
    </ClInclude>
    <ClInclude Include="Include\utility\shared.h">
      <Filter>Header Files</Filter>
    </ClInclude>
    <ClInclude Include="Include\gl\GLObject.h">
      <Filter>Header Files</Filter>
    </ClInclude>
    <ClInclude Include="Include\math\Bitfield.h">
      <Filter>Header Files</Filter>
    </ClInclude>
    <ClInclude Include="Include\gl\GL_CALL.h">
      <Filter>Header Files</Filter>
    </ClInclude>
    <ClInclude Include="Include\utility\Pooling\Pool.h">
      <Filter>Header Files</Filter>
    </ClInclude>
    <ClInclude Include="Include\utility\Pooling\SpanBatcher.h">
      <Filter>Header Files</Filter>
    </ClInclude>
    <ClInclude Include="Include\utility\Pooling\SubUpdate.h">
      <Filter>Header Files</Filter>
    </ClInclude>
    <ClInclude Include="Include\utility\Pooling\SegmentAllocator.h">
      <Filter>Header Files</Filter>
    </ClInclude>
    <ClInclude Include="Include\components\CameraComponent.h">
      <Filter>Header Files</Filter>
    </ClInclude>
    <ClInclude Include="Include\components\Entity.h">
      <Filter>Header Files</Filter>
    </ClInclude>
    <ClInclude Include="Include\math\DynamicTransform.h">
      <Filter>Header Files</Filter>
    </ClInclude>
    <ClInclude Include="Include\Event\event.h">
      <Filter>Header Files</Filter>
    </ClInclude>
    <ClInclude Include="Include\Event\IDisposable.h">
      <Filter>Header Files</Filter>
    </ClInclude>
    <ClInclude Include="Include\components\FrameBufferResizeComponent.h">
      <Filter>Header Files</Filter>
    </ClInclude>
    <ClInclude Include="Include\renderer\IRenderPipeline.h">
      <Filter>Header Files</Filter>
    </ClInclude>
    <ClInclude Include="Include\renderer\Gizmos.h">
      <Filter>Header Files</Filter>
    </ClInclude>
    <ClInclude Include="Include\components\DirectionalLight.h">
      <Filter>Header Files</Filter>
    </ClInclude>
    <ClInclude Include="Include\renderer\StandartRenderPipeline.h">
      <Filter>Header Files</Filter>
    </ClInclude>
    <ClInclude Include="Include\opengl\TextureComponent.h">
      <Filter>Header Files</Filter>
    </ClInclude>
    <ClInclude Include="Include\opengl\BufferObject.h">
      <Filter>Header Files</Filter>
    </ClInclude>
    <ClInclude Include="Include\opengl\VertexArrayObject.h">
      <Filter>Header Files</Filter>
    </ClInclude>
    <ClInclude Include="Include\opengl\FrameBufferComponent.h">
      <Filter>Header Files</Filter>
    </ClInclude>
    <ClInclude Include="Include\opengl\Enum\BufferTarget.h">
      <Filter>Header Files</Filter>
    </ClInclude>
    <ClInclude Include="Include\opengl\Enum\EnumMath.h">
      <Filter>Header Files</Filter>
    </ClInclude>
    <ClInclude Include="Include\opengl\Enum\TextureTarget.h">
      <Filter>Header Files</Filter>
    </ClInclude>
    <ClInclude Include="Include\opengl\Enum\TextureFormat.h">
      <Filter>Header Files</Filter>
    </ClInclude>
    <ClInclude Include="Include\opengl\Enum\SamplerEnum.h">
      <Filter>Header Files</Filter>
    </ClInclude>
    <ClInclude Include="Include\opengl\Enum\DataType.h">
      <Filter>Header Files</Filter>
    </ClInclude>
    <ClInclude Include="Include\opengl\Enum\BufferStorageHints.h">
      <Filter>Header Files</Filter>
    </ClInclude>
    <ClInclude Include="Include\opengl\TextureSampler.h">
      <Filter>Header Files</Filter>
    </ClInclude>
    <ClInclude Include="Include\opengl\Mesh.h">
      <Filter>Header Files</Filter>
    </ClInclude>
    <ClInclude Include="Include\opengl\Enum\BufferMapping.h">
      <Filter>Header Files</Filter>
    </ClInclude>
    <ClInclude Include="Include\opengl\ShaderFactory.h">
      <Filter>Header Files</Filter>
    </ClInclude>
    <ClInclude Include="Include\assets\impl\TextureAsset.h">
      <Filter>Header Files</Filter>
    </ClInclude>
    <ClInclude Include="Include\renderer\Systems\TerrainRenderSystem.h">
      <Filter>Header Files</Filter>
    </ClInclude>
    <ClInclude Include="Include\utility\Disposable.h">
      <Filter>Header Files</Filter>
    </ClInclude>
    <ClInclude Include="Include\renderer\rpdef.h">
      <Filter>Header Files</Filter>
    </ClInclude>
    <ClInclude Include="Include\opengl\Enum\Cullface.h">
      <Filter>Header Files</Filter>
    </ClInclude>
    <ClInclude Include="Resources\Shaders\CubemapShader.vert">
      <Filter>Header Files</Filter>
    </ClInclude>
    <ClInclude Include="Include\utility\ThreadPool.h">
      <Filter>Header Files</Filter>
    </ClInclude>
    <ClInclude Include="ExternalDipendencies\TSpan\BasicIterator.h">
      <Filter>Header Files</Filter>
    </ClInclude>
    <ClInclude Include="ExternalDipendencies\TSpan\ContextInterpret.h">
      <Filter>Header Files</Filter>
    </ClInclude>
    <ClInclude Include="ExternalDipendencies\TSpan\FileFinder.h">
      <Filter>Header Files</Filter>
    </ClInclude>
    <ClInclude Include="ExternalDipendencies\TSpan\IteratorRange.h">
      <Filter>Header Files</Filter>
    </ClInclude>
    <ClInclude Include="ExternalDipendencies\TSpan\RawFinder.h">
      <Filter>Header Files</Filter>
    </ClInclude>
    <ClInclude Include="ExternalDipendencies\TSpan\Sequence.h">
      <Filter>Header Files</Filter>
    </ClInclude>
    <ClInclude Include="ExternalDipendencies\TSpan\Pattern.h">
      <Filter>Header Files</Filter>
    </ClInclude>
    <ClInclude Include="ExternalDipendencies\TSpan\Span.h">
      <Filter>Header Files</Filter>
    </ClInclude>
    <ClInclude Include="Include\utility\ranges.h">
      <Filter>Header Files</Filter>
    </ClInclude>
    <ClInclude Include="Include\utility\Statistic.h">
      <Filter>Header Files</Filter>
    </ClInclude>
  </ItemGroup>
  <ItemGroup>
    <None Include="Resources\Shaders\Default.vert" />
    <None Include="Resources\Shaders\Default.frag" />
    <None Include="Resources\Shaders\RenderPipeline.vert" />
    <None Include="Resources\Shaders\RenderPipeline.frag" />
    <None Include="Resources\Shaders\ShadowMap.vert" />
    <None Include="Resources\Shaders\ShadowMap.frag" />
    <None Include="Resources\Shaders\Gizmo.vert" />
    <None Include="Resources\Shaders\Gizmo.frag" />
    <None Include="Resources\Shaders\Terrain.frag" />
    <None Include="Resources\Shaders\Terrain.eval" />
    <None Include="Resources\Shaders\Terrain.control" />
    <None Include="Resources\Shaders\CubemapShader.frag" />
    <None Include="Resources\Shaders\Skybox.vert" />
    <None Include="Resources\Shaders\Skybox.frag" />
  </ItemGroup>
  <ItemGroup>
    <Text Include="Resources\ComputeShaders\LightingPass.glsl" />
  </ItemGroup>
</Project>